
Microsoft Visual Studio Solution File, Format Version 12.00
Project("{FAE04EC0-301F-11D3-BF4B-00C04F79EFBC}") = "TreetopTreeHouse", "TreetopTreeHouse\TreetopTreeHouse.csproj", "{091BC901-C424-41D0-91C6-93AB33D6C2CA}"
EndProject
Project("{FAE04EC0-301F-11D3-BF4B-00C04F79EFBC}") = "TreetopTreeHouse.Tests", "TreetopTreeHouse.Tests\TreetopTreeHouse.Tests.csproj", "{F386DA5F-394F-408C-80BB-25E38A5B67D3}"
EndProject
Global
	GlobalSection(SolutionConfigurationPlatforms) = preSolution
		Debug|Any CPU = Debug|Any CPU
		Release|Any CPU = Release|Any CPU
	EndGlobalSection
	GlobalSection(ProjectConfigurationPlatforms) = postSolution
		{091BC901-C424-41D0-91C6-93AB33D6C2CA}.Debug|Any CPU.ActiveCfg = Debug|Any CPU
		{091BC901-C424-41D0-91C6-93AB33D6C2CA}.Debug|Any CPU.Build.0 = Debug|Any CPU
		{091BC901-C424-41D0-91C6-93AB33D6C2CA}.Release|Any CPU.ActiveCfg = Release|Any CPU
		{091BC901-C424-41D0-91C6-93AB33D6C2CA}.Release|Any CPU.Build.0 = Release|Any CPU
		{F386DA5F-394F-408C-80BB-25E38A5B67D3}.Debug|Any CPU.ActiveCfg = Debug|Any CPU
		{F386DA5F-394F-408C-80BB-25E38A5B67D3}.Debug|Any CPU.Build.0 = Debug|Any CPU
		{F386DA5F-394F-408C-80BB-25E38A5B67D3}.Release|Any CPU.ActiveCfg = Release|Any CPU
		{F386DA5F-394F-408C-80BB-25E38A5B67D3}.Release|Any CPU.Build.0 = Release|Any CPU
	EndGlobalSection
EndGlobal
