
Microsoft Visual Studio Solution File, Format Version 12.00
Project("{FAE04EC0-301F-11D3-BF4B-00C04F79EFBC}") = "TuningTrouble", "TuningTrouble\TuningTrouble.csproj", "{7B902129-4476-467F-A199-7CEA56D68882}"
EndProject
Project("{FAE04EC0-301F-11D3-BF4B-00C04F79EFBC}") = "TuningTrouble.Tests", "TuningTrouble.Tests\TuningTrouble.Tests.csproj", "{F8C193CC-371B-4DF1-BC62-0FCC77489FD5}"
EndProject
Global
	GlobalSection(SolutionConfigurationPlatforms) = preSolution
		Debug|Any CPU = Debug|Any CPU
		Release|Any CPU = Release|Any CPU
	EndGlobalSection
	GlobalSection(ProjectConfigurationPlatforms) = postSolution
		{7B902129-4476-467F-A199-7CEA56D68882}.Debug|Any CPU.ActiveCfg = Debug|Any CPU
		{7B902129-4476-467F-A199-7CEA56D68882}.Debug|Any CPU.Build.0 = Debug|Any CPU
		{7B902129-4476-467F-A199-7CEA56D68882}.Release|Any CPU.ActiveCfg = Release|Any CPU
		{7B902129-4476-467F-A199-7CEA56D68882}.Release|Any CPU.Build.0 = Release|Any CPU
		{F8C193CC-371B-4DF1-BC62-0FCC77489FD5}.Debug|Any CPU.ActiveCfg = Debug|Any CPU
		{F8C193CC-371B-4DF1-BC62-0FCC77489FD5}.Debug|Any CPU.Build.0 = Debug|Any CPU
		{F8C193CC-371B-4DF1-BC62-0FCC77489FD5}.Release|Any CPU.ActiveCfg = Release|Any CPU
		{F8C193CC-371B-4DF1-BC62-0FCC77489FD5}.Release|Any CPU.Build.0 = Release|Any CPU
	EndGlobalSection
EndGlobal
